
Microsoft Visual Studio Solution File, Format Version 12.00
# Visual Studio Version 17
VisualStudioVersion = 17.0.32126.317
MinimumVisualStudioVersion = 10.0.40219.1
Project("{2150E333-8FDC-42A3-9474-1A3956D46DE8}") = "src", "src", "{7F989036-1DC8-4078-95D9-4F5A70823828}"
EndProject
Project("{2150E333-8FDC-42A3-9474-1A3956D46DE8}") = "tests", "tests", "{B059BE9E-2DBD-4ACA-9204-94540B3130B1}"
EndProject
Project("{9A19103F-16F7-4668-BE54-9A1E7A4F7556}") = "CleanArchitecture.API", "src\CleanArchitecture.API\CleanArchitecture.API.csproj", "{3A090DE4-23B6-4BAE-8350-FDCFC72445FC}"
EndProject
Project("{9A19103F-16F7-4668-BE54-9A1E7A4F7556}") = "CleanArchitecture.Application", "src\CleanArchitecture.Application\CleanArchitecture.Application.csproj", "{3944E308-AEDE-41E1-BEB8-6B18D697BA46}"
EndProject
Project("{9A19103F-16F7-4668-BE54-9A1E7A4F7556}") = "CleanArchitecture.Core", "src\CleanArchitecture.Core\CleanArchitecture.Core.csproj", "{0E24948B-DAC3-4F8F-AC3E-7E6200422A21}"
EndProject
Project("{9A19103F-16F7-4668-BE54-9A1E7A4F7556}") = "CleanArchitecture.Infrastructure", "src\CleanArchitecture.Infrastructure\CleanArchitecture.Infrastructure.csproj", "{B8E171AE-A588-4E53-B8A4-2555C51B92BA}"
EndProject
Global
	GlobalSection(SolutionConfigurationPlatforms) = preSolution
		Debug|Any CPU = Debug|Any CPU
		Release|Any CPU = Release|Any CPU
	EndGlobalSection
	GlobalSection(ProjectConfigurationPlatforms) = postSolution
		{3A090DE4-23B6-4BAE-8350-FDCFC72445FC}.Debug|Any CPU.ActiveCfg = Debug|Any CPU
		{3A090DE4-23B6-4BAE-8350-FDCFC72445FC}.Debug|Any CPU.Build.0 = Debug|Any CPU
		{3A090DE4-23B6-4BAE-8350-FDCFC72445FC}.Release|Any CPU.ActiveCfg = Release|Any CPU
		{3A090DE4-23B6-4BAE-8350-FDCFC72445FC}.Release|Any CPU.Build.0 = Release|Any CPU
		{3944E308-AEDE-41E1-BEB8-6B18D697BA46}.Debug|Any CPU.ActiveCfg = Debug|Any CPU
		{3944E308-AEDE-41E1-BEB8-6B18D697BA46}.Debug|Any CPU.Build.0 = Debug|Any CPU
		{3944E308-AEDE-41E1-BEB8-6B18D697BA46}.Release|Any CPU.ActiveCfg = Release|Any CPU
		{3944E308-AEDE-41E1-BEB8-6B18D697BA46}.Release|Any CPU.Build.0 = Release|Any CPU
		{0E24948B-DAC3-4F8F-AC3E-7E6200422A21}.Debug|Any CPU.ActiveCfg = Debug|Any CPU
		{0E24948B-DAC3-4F8F-AC3E-7E6200422A21}.Debug|Any CPU.Build.0 = Debug|Any CPU
		{0E24948B-DAC3-4F8F-AC3E-7E6200422A21}.Release|Any CPU.ActiveCfg = Release|Any CPU
		{0E24948B-DAC3-4F8F-AC3E-7E6200422A21}.Release|Any CPU.Build.0 = Release|Any CPU
		{B8E171AE-A588-4E53-B8A4-2555C51B92BA}.Debug|Any CPU.ActiveCfg = Debug|Any CPU
		{B8E171AE-A588-4E53-B8A4-2555C51B92BA}.Debug|Any CPU.Build.0 = Debug|Any CPU
		{B8E171AE-A588-4E53-B8A4-2555C51B92BA}.Release|Any CPU.ActiveCfg = Release|Any CPU
		{B8E171AE-A588-4E53-B8A4-2555C51B92BA}.Release|Any CPU.Build.0 = Release|Any CPU
	EndGlobalSection
	GlobalSection(SolutionProperties) = preSolution
		HideSolutionNode = FALSE
	EndGlobalSection
	GlobalSection(NestedProjects) = preSolution
		{3A090DE4-23B6-4BAE-8350-FDCFC72445FC} = {7F989036-1DC8-4078-95D9-4F5A70823828}
		{3944E308-AEDE-41E1-BEB8-6B18D697BA46} = {7F989036-1DC8-4078-95D9-4F5A70823828}
		{0E24948B-DAC3-4F8F-AC3E-7E6200422A21} = {7F989036-1DC8-4078-95D9-4F5A70823828}
		{B8E171AE-A588-4E53-B8A4-2555C51B92BA} = {7F989036-1DC8-4078-95D9-4F5A70823828}
	EndGlobalSection
	GlobalSection(ExtensibilityGlobals) = postSolution
		SolutionGuid = {360DDFCC-9DC2-4427-8042-B63D5AD82937}
	EndGlobalSection
EndGlobal
